
Microsoft Visual Studio Solution File, Format Version 12.00
# Visual Studio 15
VisualStudioVersion = 15.0.28010.2036
MinimumVisualStudioVersion = 10.0.40219.1
Project("{8BC9CEB8-8B4A-11D0-8D11-00A0C91BC942}") = "HW", "HW\HW.vcxproj", "{CEB91488-3FEE-4A10-8887-158A3FE78A42}"
EndProject
Global
	GlobalSection(SolutionConfigurationPlatforms) = preSolution
		Debug|x64 = Debug|x64
		Debug|x86 = Debug|x86
		Release|x64 = Release|x64
		Release|x86 = Release|x86
	EndGlobalSection
	GlobalSection(ProjectConfigurationPlatforms) = postSolution
		{CEB91488-3FEE-4A10-8887-158A3FE78A42}.Debug|x64.ActiveCfg = Debug|x64
		{CEB91488-3FEE-4A10-8887-158A3FE78A42}.Debug|x64.Build.0 = Debug|x64
		{CEB91488-3FEE-4A10-8887-158A3FE78A42}.Debug|x86.ActiveCfg = Debug|Win32
		{CEB91488-3FEE-4A10-8887-158A3FE78A42}.Debug|x86.Build.0 = Debug|Win32
		{CEB91488-3FEE-4A10-8887-158A3FE78A42}.Release|x64.ActiveCfg = Release|x64
		{CEB91488-3FEE-4A10-8887-158A3FE78A42}.Release|x64.Build.0 = Release|x64
		{CEB91488-3FEE-4A10-8887-158A3FE78A42}.Release|x86.ActiveCfg = Release|Win32
		{CEB91488-3FEE-4A10-8887-158A3FE78A42}.Release|x86.Build.0 = Release|Win32
	EndGlobalSection
	GlobalSection(SolutionProperties) = preSolution
		HideSolutionNode = FALSE
	EndGlobalSection
	GlobalSection(ExtensibilityGlobals) = postSolution
		SolutionGuid = {1FF84C58-73BC-4FB1-BBC6-27952EAEFE5F}
	EndGlobalSection
EndGlobal
